
Microsoft Visual Studio Solution File, Format Version 12.00
# Visual Studio 15
Project("{FAE04EC0-301F-11D3-BF4B-00C04F79EFBC}") = "ExemploClassePararela.Android", "ExemploClassePararela.Android\ExemploClassePararela.Android.csproj", "{FC95F468-0E68-4850-8960-31B26AADBAC1}"
EndProject
Project("{FAE04EC0-301F-11D3-BF4B-00C04F79EFBC}") = "ExemploClassePararela.iOS", "ExemploClassePararela.iOS\ExemploClassePararela.iOS.csproj", "{AB6F4942-2B99-4989-BFCA-D26012417300}"
EndProject
Project("{D954291E-2A0B-460D-934E-DC6B0785DB48}") = "ExemploClassePararela", "ExemploClassePararela\ExemploClassePararela.shproj", "{04FBF23A-D38B-47FE-A522-9472C44FE0D5}"
EndProject
Global
	GlobalSection(SolutionConfigurationPlatforms) = preSolution
		Debug|Any CPU = Debug|Any CPU
		Release|Any CPU = Release|Any CPU
		Debug|iPhoneSimulator = Debug|iPhoneSimulator
		Release|iPhoneSimulator = Release|iPhoneSimulator
		Debug|iPhone = Debug|iPhone
		Release|iPhone = Release|iPhone
		Ad-Hoc|iPhone = Ad-Hoc|iPhone
		AppStore|iPhone = AppStore|iPhone
	EndGlobalSection
	GlobalSection(ProjectConfigurationPlatforms) = postSolution
		{FC95F468-0E68-4850-8960-31B26AADBAC1}.Debug|Any CPU.ActiveCfg = Debug|Any CPU
		{FC95F468-0E68-4850-8960-31B26AADBAC1}.Debug|Any CPU.Build.0 = Debug|Any CPU
		{FC95F468-0E68-4850-8960-31B26AADBAC1}.Release|Any CPU.ActiveCfg = Release|Any CPU
		{FC95F468-0E68-4850-8960-31B26AADBAC1}.Release|Any CPU.Build.0 = Release|Any CPU
		{FC95F468-0E68-4850-8960-31B26AADBAC1}.Debug|iPhoneSimulator.ActiveCfg = Debug|Any CPU
		{FC95F468-0E68-4850-8960-31B26AADBAC1}.Debug|iPhoneSimulator.Build.0 = Debug|Any CPU
		{FC95F468-0E68-4850-8960-31B26AADBAC1}.Release|iPhoneSimulator.ActiveCfg = Release|Any CPU
		{FC95F468-0E68-4850-8960-31B26AADBAC1}.Release|iPhoneSimulator.Build.0 = Release|Any CPU
		{FC95F468-0E68-4850-8960-31B26AADBAC1}.Debug|iPhone.ActiveCfg = Debug|Any CPU
		{FC95F468-0E68-4850-8960-31B26AADBAC1}.Debug|iPhone.Build.0 = Debug|Any CPU
		{FC95F468-0E68-4850-8960-31B26AADBAC1}.Release|iPhone.ActiveCfg = Release|Any CPU
		{FC95F468-0E68-4850-8960-31B26AADBAC1}.Release|iPhone.Build.0 = Release|Any CPU
		{FC95F468-0E68-4850-8960-31B26AADBAC1}.Ad-Hoc|iPhone.ActiveCfg = Debug|Any CPU
		{FC95F468-0E68-4850-8960-31B26AADBAC1}.Ad-Hoc|iPhone.Build.0 = Debug|Any CPU
		{FC95F468-0E68-4850-8960-31B26AADBAC1}.AppStore|iPhone.ActiveCfg = Debug|Any CPU
		{FC95F468-0E68-4850-8960-31B26AADBAC1}.AppStore|iPhone.Build.0 = Debug|Any CPU
		{AB6F4942-2B99-4989-BFCA-D26012417300}.Debug|Any CPU.ActiveCfg = Debug|iPhoneSimulator
		{AB6F4942-2B99-4989-BFCA-D26012417300}.Debug|Any CPU.Build.0 = Debug|iPhoneSimulator
		{AB6F4942-2B99-4989-BFCA-D26012417300}.Release|Any CPU.ActiveCfg = Release|iPhoneSimulator
		{AB6F4942-2B99-4989-BFCA-D26012417300}.Release|Any CPU.Build.0 = Release|iPhoneSimulator
		{AB6F4942-2B99-4989-BFCA-D26012417300}.Debug|iPhoneSimulator.ActiveCfg = Debug|iPhoneSimulator
		{AB6F4942-2B99-4989-BFCA-D26012417300}.Debug|iPhoneSimulator.Build.0 = Debug|iPhoneSimulator
		{AB6F4942-2B99-4989-BFCA-D26012417300}.Release|iPhoneSimulator.ActiveCfg = Release|iPhoneSimulator
		{AB6F4942-2B99-4989-BFCA-D26012417300}.Release|iPhoneSimulator.Build.0 = Release|iPhoneSimulator
		{AB6F4942-2B99-4989-BFCA-D26012417300}.Debug|iPhone.ActiveCfg = Debug|iPhone
		{AB6F4942-2B99-4989-BFCA-D26012417300}.Debug|iPhone.Build.0 = Debug|iPhone
		{AB6F4942-2B99-4989-BFCA-D26012417300}.Release|iPhone.ActiveCfg = Release|iPhone
		{AB6F4942-2B99-4989-BFCA-D26012417300}.Release|iPhone.Build.0 = Release|iPhone
		{AB6F4942-2B99-4989-BFCA-D26012417300}.Ad-Hoc|iPhone.ActiveCfg = Ad-Hoc|iPhone
		{AB6F4942-2B99-4989-BFCA-D26012417300}.Ad-Hoc|iPhone.Build.0 = Ad-Hoc|iPhone
		{AB6F4942-2B99-4989-BFCA-D26012417300}.AppStore|iPhone.ActiveCfg = AppStore|iPhone
		{AB6F4942-2B99-4989-BFCA-D26012417300}.AppStore|iPhone.Build.0 = AppStore|iPhone
	EndGlobalSection
EndGlobal
