
Microsoft Visual Studio Solution File, Format Version 12.00
# Visual Studio 15
Project("{FAE04EC0-301F-11D3-BF4B-00C04F79EFBC}") = "ExemploClassePararela.Android", "ExemploClassePararela.Android\ExemploClassePararela.Android.csproj", "{98202F5B-870A-4B52-8FE1-5587A0474839}"
EndProject
Project("{FAE04EC0-301F-11D3-BF4B-00C04F79EFBC}") = "ExemploClassePararela.iOS", "ExemploClassePararela.iOS\ExemploClassePararela.iOS.csproj", "{02876A02-C124-480C-A709-8B1080854F06}"
EndProject
Project("{FAE04EC0-301F-11D3-BF4B-00C04F79EFBC}") = "ExemploClassePararela", "ExemploClassePararela\ExemploClassePararela.csproj", "{5D51A1B5-C606-4CE6-8981-117F9DD2A982}"
EndProject
Global
	GlobalSection(SolutionConfigurationPlatforms) = preSolution
		Debug|Any CPU = Debug|Any CPU
		Release|Any CPU = Release|Any CPU
		Debug|iPhoneSimulator = Debug|iPhoneSimulator
		Release|iPhoneSimulator = Release|iPhoneSimulator
		Debug|iPhone = Debug|iPhone
		Release|iPhone = Release|iPhone
		Ad-Hoc|iPhone = Ad-Hoc|iPhone
		AppStore|iPhone = AppStore|iPhone
	EndGlobalSection
	GlobalSection(ProjectConfigurationPlatforms) = postSolution
		{98202F5B-870A-4B52-8FE1-5587A0474839}.Debug|Any CPU.ActiveCfg = Debug|Any CPU
		{98202F5B-870A-4B52-8FE1-5587A0474839}.Debug|Any CPU.Build.0 = Debug|Any CPU
		{98202F5B-870A-4B52-8FE1-5587A0474839}.Release|Any CPU.ActiveCfg = Release|Any CPU
		{98202F5B-870A-4B52-8FE1-5587A0474839}.Release|Any CPU.Build.0 = Release|Any CPU
		{98202F5B-870A-4B52-8FE1-5587A0474839}.Debug|iPhoneSimulator.ActiveCfg = Debug|Any CPU
		{98202F5B-870A-4B52-8FE1-5587A0474839}.Debug|iPhoneSimulator.Build.0 = Debug|Any CPU
		{98202F5B-870A-4B52-8FE1-5587A0474839}.Release|iPhoneSimulator.ActiveCfg = Release|Any CPU
		{98202F5B-870A-4B52-8FE1-5587A0474839}.Release|iPhoneSimulator.Build.0 = Release|Any CPU
		{98202F5B-870A-4B52-8FE1-5587A0474839}.Debug|iPhone.ActiveCfg = Debug|Any CPU
		{98202F5B-870A-4B52-8FE1-5587A0474839}.Debug|iPhone.Build.0 = Debug|Any CPU
		{98202F5B-870A-4B52-8FE1-5587A0474839}.Release|iPhone.ActiveCfg = Release|Any CPU
		{98202F5B-870A-4B52-8FE1-5587A0474839}.Release|iPhone.Build.0 = Release|Any CPU
		{98202F5B-870A-4B52-8FE1-5587A0474839}.Ad-Hoc|iPhone.ActiveCfg = Debug|Any CPU
		{98202F5B-870A-4B52-8FE1-5587A0474839}.Ad-Hoc|iPhone.Build.0 = Debug|Any CPU
		{98202F5B-870A-4B52-8FE1-5587A0474839}.AppStore|iPhone.ActiveCfg = Debug|Any CPU
		{98202F5B-870A-4B52-8FE1-5587A0474839}.AppStore|iPhone.Build.0 = Debug|Any CPU
		{02876A02-C124-480C-A709-8B1080854F06}.Debug|Any CPU.ActiveCfg = Debug|iPhoneSimulator
		{02876A02-C124-480C-A709-8B1080854F06}.Debug|Any CPU.Build.0 = Debug|iPhoneSimulator
		{02876A02-C124-480C-A709-8B1080854F06}.Release|Any CPU.ActiveCfg = Release|iPhoneSimulator
		{02876A02-C124-480C-A709-8B1080854F06}.Release|Any CPU.Build.0 = Release|iPhoneSimulator
		{02876A02-C124-480C-A709-8B1080854F06}.Debug|iPhoneSimulator.ActiveCfg = Debug|iPhoneSimulator
		{02876A02-C124-480C-A709-8B1080854F06}.Debug|iPhoneSimulator.Build.0 = Debug|iPhoneSimulator
		{02876A02-C124-480C-A709-8B1080854F06}.Release|iPhoneSimulator.ActiveCfg = Release|iPhoneSimulator
		{02876A02-C124-480C-A709-8B1080854F06}.Release|iPhoneSimulator.Build.0 = Release|iPhoneSimulator
		{02876A02-C124-480C-A709-8B1080854F06}.Debug|iPhone.ActiveCfg = Debug|iPhone
		{02876A02-C124-480C-A709-8B1080854F06}.Debug|iPhone.Build.0 = Debug|iPhone
		{02876A02-C124-480C-A709-8B1080854F06}.Release|iPhone.ActiveCfg = Release|iPhone
		{02876A02-C124-480C-A709-8B1080854F06}.Release|iPhone.Build.0 = Release|iPhone
		{02876A02-C124-480C-A709-8B1080854F06}.Ad-Hoc|iPhone.ActiveCfg = Ad-Hoc|iPhone
		{02876A02-C124-480C-A709-8B1080854F06}.Ad-Hoc|iPhone.Build.0 = Ad-Hoc|iPhone
		{02876A02-C124-480C-A709-8B1080854F06}.AppStore|iPhone.ActiveCfg = AppStore|iPhone
		{02876A02-C124-480C-A709-8B1080854F06}.AppStore|iPhone.Build.0 = AppStore|iPhone
		{5D51A1B5-C606-4CE6-8981-117F9DD2A982}.Debug|Any CPU.ActiveCfg = Debug|Any CPU
		{5D51A1B5-C606-4CE6-8981-117F9DD2A982}.Debug|Any CPU.Build.0 = Debug|Any CPU
		{5D51A1B5-C606-4CE6-8981-117F9DD2A982}.Release|Any CPU.ActiveCfg = Release|Any CPU
		{5D51A1B5-C606-4CE6-8981-117F9DD2A982}.Release|Any CPU.Build.0 = Release|Any CPU
		{5D51A1B5-C606-4CE6-8981-117F9DD2A982}.Debug|iPhoneSimulator.ActiveCfg = Debug|Any CPU
		{5D51A1B5-C606-4CE6-8981-117F9DD2A982}.Debug|iPhoneSimulator.Build.0 = Debug|Any CPU
		{5D51A1B5-C606-4CE6-8981-117F9DD2A982}.Release|iPhoneSimulator.ActiveCfg = Release|Any CPU
		{5D51A1B5-C606-4CE6-8981-117F9DD2A982}.Release|iPhoneSimulator.Build.0 = Release|Any CPU
		{5D51A1B5-C606-4CE6-8981-117F9DD2A982}.Debug|iPhone.ActiveCfg = Debug|Any CPU
		{5D51A1B5-C606-4CE6-8981-117F9DD2A982}.Debug|iPhone.Build.0 = Debug|Any CPU
		{5D51A1B5-C606-4CE6-8981-117F9DD2A982}.Release|iPhone.ActiveCfg = Release|Any CPU
		{5D51A1B5-C606-4CE6-8981-117F9DD2A982}.Release|iPhone.Build.0 = Release|Any CPU
		{5D51A1B5-C606-4CE6-8981-117F9DD2A982}.Ad-Hoc|iPhone.ActiveCfg = Debug|Any CPU
		{5D51A1B5-C606-4CE6-8981-117F9DD2A982}.Ad-Hoc|iPhone.Build.0 = Debug|Any CPU
		{5D51A1B5-C606-4CE6-8981-117F9DD2A982}.AppStore|iPhone.ActiveCfg = Debug|Any CPU
		{5D51A1B5-C606-4CE6-8981-117F9DD2A982}.AppStore|iPhone.Build.0 = Debug|Any CPU
	EndGlobalSection
EndGlobal
